
Microsoft Visual Studio Solution File, Format Version 12.00
# Visual Studio Version 16
VisualStudioVersion = 16.0.29424.173
MinimumVisualStudioVersion = 10.0.40219.1
Project("{FAE04EC0-301F-11D3-BF4B-00C04F79EFBC}") = "Practice-3", "Practice-3\Practice-3.csproj", "{35B39165-0976-411B-9DA8-2188B692146F}"
EndProject
Global
	GlobalSection(SolutionConfigurationPlatforms) = preSolution
		Debug|Any CPU = Debug|Any CPU
		Release|Any CPU = Release|Any CPU
	EndGlobalSection
	GlobalSection(ProjectConfigurationPlatforms) = postSolution
		{35B39165-0976-411B-9DA8-2188B692146F}.Debug|Any CPU.ActiveCfg = Debug|Any CPU
		{35B39165-0976-411B-9DA8-2188B692146F}.Debug|Any CPU.Build.0 = Debug|Any CPU
		{35B39165-0976-411B-9DA8-2188B692146F}.Release|Any CPU.ActiveCfg = Release|Any CPU
		{35B39165-0976-411B-9DA8-2188B692146F}.Release|Any CPU.Build.0 = Release|Any CPU
	EndGlobalSection
	GlobalSection(SolutionProperties) = preSolution
		HideSolutionNode = FALSE
	EndGlobalSection
	GlobalSection(ExtensibilityGlobals) = postSolution
		SolutionGuid = {B63FFFA6-BC0F-4F6A-8E6A-E09942402366}
	EndGlobalSection
EndGlobal
