
Microsoft Visual Studio Solution File, Format Version 12.00
# Visual Studio Version 16
VisualStudioVersion = 16.0.29613.14
MinimumVisualStudioVersion = 10.0.40219.1
Project("{FAE04EC0-301F-11D3-BF4B-00C04F79EFBC}") = "Date", "Date\Date.csproj", "{3AB42FB2-D5BC-4F8C-8039-27CC6AE3B2B1}"
EndProject
Global
	GlobalSection(SolutionConfigurationPlatforms) = preSolution
		Debug|Any CPU = Debug|Any CPU
		Release|Any CPU = Release|Any CPU
	EndGlobalSection
	GlobalSection(ProjectConfigurationPlatforms) = postSolution
		{3AB42FB2-D5BC-4F8C-8039-27CC6AE3B2B1}.Debug|Any CPU.ActiveCfg = Debug|Any CPU
		{3AB42FB2-D5BC-4F8C-8039-27CC6AE3B2B1}.Debug|Any CPU.Build.0 = Debug|Any CPU
		{3AB42FB2-D5BC-4F8C-8039-27CC6AE3B2B1}.Release|Any CPU.ActiveCfg = Release|Any CPU
		{3AB42FB2-D5BC-4F8C-8039-27CC6AE3B2B1}.Release|Any CPU.Build.0 = Release|Any CPU
	EndGlobalSection
	GlobalSection(SolutionProperties) = preSolution
		HideSolutionNode = FALSE
	EndGlobalSection
	GlobalSection(ExtensibilityGlobals) = postSolution
		SolutionGuid = {8960E6CF-B436-4DAC-A0D6-CB9A0F9680E2}
	EndGlobalSection
EndGlobal
