
Microsoft Visual Studio Solution File, Format Version 12.00
# Visual Studio Version 16
VisualStudioVersion = 16.0.29709.97
MinimumVisualStudioVersion = 10.0.40219.1
Project("{FAE04EC0-301F-11D3-BF4B-00C04F79EFBC}") = "Tutorial1", "Tutorial1\Tutorial1.csproj", "{A0BA8908-5E63-452B-96C3-64FB7F51B0F4}"
EndProject
Global
	GlobalSection(SolutionConfigurationPlatforms) = preSolution
		Debug|Any CPU = Debug|Any CPU
		Release|Any CPU = Release|Any CPU
	EndGlobalSection
	GlobalSection(ProjectConfigurationPlatforms) = postSolution
		{A0BA8908-5E63-452B-96C3-64FB7F51B0F4}.Debug|Any CPU.ActiveCfg = Debug|Any CPU
		{A0BA8908-5E63-452B-96C3-64FB7F51B0F4}.Debug|Any CPU.Build.0 = Debug|Any CPU
		{A0BA8908-5E63-452B-96C3-64FB7F51B0F4}.Release|Any CPU.ActiveCfg = Release|Any CPU
		{A0BA8908-5E63-452B-96C3-64FB7F51B0F4}.Release|Any CPU.Build.0 = Release|Any CPU
	EndGlobalSection
	GlobalSection(SolutionProperties) = preSolution
		HideSolutionNode = FALSE
	EndGlobalSection
	GlobalSection(ExtensibilityGlobals) = postSolution
		SolutionGuid = {DF454007-661D-4AE8-AA65-C248ED9479B6}
	EndGlobalSection
EndGlobal
