
Microsoft Visual Studio Solution File, Format Version 12.00
# Visual Studio Version 16
VisualStudioVersion = 16.0.29709.97
MinimumVisualStudioVersion = 10.0.40219.1
Project("{FAE04EC0-301F-11D3-BF4B-00C04F79EFBC}") = "Practice-1", "Practice-1\Practice-1.csproj", "{151BB37A-506C-432E-8973-C09B936266E8}"
EndProject
Project("{FAE04EC0-301F-11D3-BF4B-00C04F79EFBC}") = "Practice-1Tests1", "Practice-1Tests1\Practice-1Tests1.csproj", "{56172CBF-15FC-4A04-B53E-F2FE65541DC5}"
EndProject
Global
	GlobalSection(SolutionConfigurationPlatforms) = preSolution
		Debug|Any CPU = Debug|Any CPU
		Release|Any CPU = Release|Any CPU
	EndGlobalSection
	GlobalSection(ProjectConfigurationPlatforms) = postSolution
		{151BB37A-506C-432E-8973-C09B936266E8}.Debug|Any CPU.ActiveCfg = Debug|Any CPU
		{151BB37A-506C-432E-8973-C09B936266E8}.Debug|Any CPU.Build.0 = Debug|Any CPU
		{151BB37A-506C-432E-8973-C09B936266E8}.Release|Any CPU.ActiveCfg = Release|Any CPU
		{151BB37A-506C-432E-8973-C09B936266E8}.Release|Any CPU.Build.0 = Release|Any CPU
		{56172CBF-15FC-4A04-B53E-F2FE65541DC5}.Debug|Any CPU.ActiveCfg = Debug|Any CPU
		{56172CBF-15FC-4A04-B53E-F2FE65541DC5}.Debug|Any CPU.Build.0 = Debug|Any CPU
		{56172CBF-15FC-4A04-B53E-F2FE65541DC5}.Release|Any CPU.ActiveCfg = Release|Any CPU
		{56172CBF-15FC-4A04-B53E-F2FE65541DC5}.Release|Any CPU.Build.0 = Release|Any CPU
	EndGlobalSection
	GlobalSection(SolutionProperties) = preSolution
		HideSolutionNode = FALSE
	EndGlobalSection
	GlobalSection(ExtensibilityGlobals) = postSolution
		SolutionGuid = {6B176F77-ED95-4355-AF62-A35DAEC64727}
	EndGlobalSection
EndGlobal
