
Microsoft Visual Studio Solution File, Format Version 12.00
# Visual Studio Version 16
VisualStudioVersion = 16.0.29424.173
MinimumVisualStudioVersion = 10.0.40219.1
Project("{FAE04EC0-301F-11D3-BF4B-00C04F79EFBC}") = "Tutorial-1", "Tutorial-1\Tutorial-1.csproj", "{09B2AE90-39F3-480D-8633-573A82B6E71D}"
EndProject
Global
	GlobalSection(SolutionConfigurationPlatforms) = preSolution
		Debug|Any CPU = Debug|Any CPU
		Release|Any CPU = Release|Any CPU
	EndGlobalSection
	GlobalSection(ProjectConfigurationPlatforms) = postSolution
		{09B2AE90-39F3-480D-8633-573A82B6E71D}.Debug|Any CPU.ActiveCfg = Debug|Any CPU
		{09B2AE90-39F3-480D-8633-573A82B6E71D}.Debug|Any CPU.Build.0 = Debug|Any CPU
		{09B2AE90-39F3-480D-8633-573A82B6E71D}.Release|Any CPU.ActiveCfg = Release|Any CPU
		{09B2AE90-39F3-480D-8633-573A82B6E71D}.Release|Any CPU.Build.0 = Release|Any CPU
	EndGlobalSection
	GlobalSection(SolutionProperties) = preSolution
		HideSolutionNode = FALSE
	EndGlobalSection
	GlobalSection(ExtensibilityGlobals) = postSolution
		SolutionGuid = {F086D934-529F-44D4-90BD-F598AA44BD1C}
	EndGlobalSection
EndGlobal
