
Microsoft Visual Studio Solution File, Format Version 12.00
# Visual Studio Version 16
VisualStudioVersion = 16.0.29613.14
MinimumVisualStudioVersion = 10.0.40219.1
Project("{9A19103F-16F7-4668-BE54-9A1E7A4F7556}") = "Practice-1", "Practice-1\Practice-1.csproj", "{67572CE5-B412-4BFB-AEE0-FD939FE21246}"
EndProject
Project("{FAE04EC0-301F-11D3-BF4B-00C04F79EFBC}") = "Practice-2", "Practice-2\Practice-2.csproj", "{6DE3ED30-63CF-46DE-822F-83458BF42908}"
EndProject
Project("{FAE04EC0-301F-11D3-BF4B-00C04F79EFBC}") = "Practice-3", "Practice-3\Practice-3.csproj", "{8F96CCD0-D872-475C-BCF5-87C5578F232D}"
EndProject
Global
	GlobalSection(SolutionConfigurationPlatforms) = preSolution
		Debug|Any CPU = Debug|Any CPU
		Release|Any CPU = Release|Any CPU
	EndGlobalSection
	GlobalSection(ProjectConfigurationPlatforms) = postSolution
		{67572CE5-B412-4BFB-AEE0-FD939FE21246}.Debug|Any CPU.ActiveCfg = Debug|Any CPU
		{67572CE5-B412-4BFB-AEE0-FD939FE21246}.Debug|Any CPU.Build.0 = Debug|Any CPU
		{67572CE5-B412-4BFB-AEE0-FD939FE21246}.Release|Any CPU.ActiveCfg = Release|Any CPU
		{67572CE5-B412-4BFB-AEE0-FD939FE21246}.Release|Any CPU.Build.0 = Release|Any CPU
		{6DE3ED30-63CF-46DE-822F-83458BF42908}.Debug|Any CPU.ActiveCfg = Debug|Any CPU
		{6DE3ED30-63CF-46DE-822F-83458BF42908}.Debug|Any CPU.Build.0 = Debug|Any CPU
		{6DE3ED30-63CF-46DE-822F-83458BF42908}.Release|Any CPU.ActiveCfg = Release|Any CPU
		{6DE3ED30-63CF-46DE-822F-83458BF42908}.Release|Any CPU.Build.0 = Release|Any CPU
		{8F96CCD0-D872-475C-BCF5-87C5578F232D}.Debug|Any CPU.ActiveCfg = Debug|Any CPU
		{8F96CCD0-D872-475C-BCF5-87C5578F232D}.Debug|Any CPU.Build.0 = Debug|Any CPU
		{8F96CCD0-D872-475C-BCF5-87C5578F232D}.Release|Any CPU.ActiveCfg = Release|Any CPU
		{8F96CCD0-D872-475C-BCF5-87C5578F232D}.Release|Any CPU.Build.0 = Release|Any CPU
	EndGlobalSection
	GlobalSection(SolutionProperties) = preSolution
		HideSolutionNode = FALSE
	EndGlobalSection
	GlobalSection(ExtensibilityGlobals) = postSolution
		SolutionGuid = {1B9D66C6-0AA9-487D-A25C-F8FAC98A1DFC}
	EndGlobalSection
EndGlobal
