
Microsoft Visual Studio Solution File, Format Version 12.00
# Visual Studio Version 16
VisualStudioVersion = 16.0.29613.14
MinimumVisualStudioVersion = 10.0.40219.1
Project("{FAE04EC0-301F-11D3-BF4B-00C04F79EFBC}") = "Practice-1", "Practice-1\Practice-1.csproj", "{6B98E6C2-38FC-4D08-9CF7-17C0F6F956F6}"
EndProject
Project("{FAE04EC0-301F-11D3-BF4B-00C04F79EFBC}") = "Practice-2", "..\Practice-2\Practice-2.csproj", "{5C02DE5E-AF8D-44D1-AB99-09BD5194E013}"
EndProject
Project("{FAE04EC0-301F-11D3-BF4B-00C04F79EFBC}") = "Practice-4", "..\Practice-3\Practice-4.csproj", "{8B4D9179-5AD5-409F-88F9-06687C8E1B7A}"
EndProject
Global
	GlobalSection(SolutionConfigurationPlatforms) = preSolution
		Debug|Any CPU = Debug|Any CPU
		Release|Any CPU = Release|Any CPU
	EndGlobalSection
	GlobalSection(ProjectConfigurationPlatforms) = postSolution
		{6B98E6C2-38FC-4D08-9CF7-17C0F6F956F6}.Debug|Any CPU.ActiveCfg = Debug|Any CPU
		{6B98E6C2-38FC-4D08-9CF7-17C0F6F956F6}.Debug|Any CPU.Build.0 = Debug|Any CPU
		{6B98E6C2-38FC-4D08-9CF7-17C0F6F956F6}.Release|Any CPU.ActiveCfg = Release|Any CPU
		{6B98E6C2-38FC-4D08-9CF7-17C0F6F956F6}.Release|Any CPU.Build.0 = Release|Any CPU
		{5C02DE5E-AF8D-44D1-AB99-09BD5194E013}.Debug|Any CPU.ActiveCfg = Debug|Any CPU
		{5C02DE5E-AF8D-44D1-AB99-09BD5194E013}.Debug|Any CPU.Build.0 = Debug|Any CPU
		{5C02DE5E-AF8D-44D1-AB99-09BD5194E013}.Release|Any CPU.ActiveCfg = Release|Any CPU
		{5C02DE5E-AF8D-44D1-AB99-09BD5194E013}.Release|Any CPU.Build.0 = Release|Any CPU
		{8B4D9179-5AD5-409F-88F9-06687C8E1B7A}.Debug|Any CPU.ActiveCfg = Debug|Any CPU
		{8B4D9179-5AD5-409F-88F9-06687C8E1B7A}.Debug|Any CPU.Build.0 = Debug|Any CPU
		{8B4D9179-5AD5-409F-88F9-06687C8E1B7A}.Release|Any CPU.ActiveCfg = Release|Any CPU
		{8B4D9179-5AD5-409F-88F9-06687C8E1B7A}.Release|Any CPU.Build.0 = Release|Any CPU
	EndGlobalSection
	GlobalSection(SolutionProperties) = preSolution
		HideSolutionNode = FALSE
	EndGlobalSection
	GlobalSection(ExtensibilityGlobals) = postSolution
		SolutionGuid = {7ADA09B1-8172-4856-8100-EF7B779BA69F}
	EndGlobalSection
EndGlobal
