
Microsoft Visual Studio Solution File, Format Version 12.00
# Visual Studio Version 16
VisualStudioVersion = 16.0.29424.173
MinimumVisualStudioVersion = 10.0.40219.1
Project("{FAE04EC0-301F-11D3-BF4B-00C04F79EFBC}") = "Tutorial-1", "Tutorial-1\Tutorial-1.csproj", "{760E84B0-2027-4673-80A6-025C535544EC}"
EndProject
Project("{FAE04EC0-301F-11D3-BF4B-00C04F79EFBC}") = "Tutorial-2", "Tutorial-2\Tutorial-2.csproj", "{9D148C99-212B-4C1F-A4D3-ABF82B2BE2AB}"
EndProject
Global
	GlobalSection(SolutionConfigurationPlatforms) = preSolution
		Debug|Any CPU = Debug|Any CPU
		Release|Any CPU = Release|Any CPU
	EndGlobalSection
	GlobalSection(ProjectConfigurationPlatforms) = postSolution
		{760E84B0-2027-4673-80A6-025C535544EC}.Debug|Any CPU.ActiveCfg = Debug|Any CPU
		{760E84B0-2027-4673-80A6-025C535544EC}.Debug|Any CPU.Build.0 = Debug|Any CPU
		{760E84B0-2027-4673-80A6-025C535544EC}.Release|Any CPU.ActiveCfg = Release|Any CPU
		{760E84B0-2027-4673-80A6-025C535544EC}.Release|Any CPU.Build.0 = Release|Any CPU
		{9D148C99-212B-4C1F-A4D3-ABF82B2BE2AB}.Debug|Any CPU.ActiveCfg = Debug|Any CPU
		{9D148C99-212B-4C1F-A4D3-ABF82B2BE2AB}.Debug|Any CPU.Build.0 = Debug|Any CPU
		{9D148C99-212B-4C1F-A4D3-ABF82B2BE2AB}.Release|Any CPU.ActiveCfg = Release|Any CPU
		{9D148C99-212B-4C1F-A4D3-ABF82B2BE2AB}.Release|Any CPU.Build.0 = Release|Any CPU
	EndGlobalSection
	GlobalSection(SolutionProperties) = preSolution
		HideSolutionNode = FALSE
	EndGlobalSection
	GlobalSection(ExtensibilityGlobals) = postSolution
		SolutionGuid = {AFCA9F9B-7798-4EE5-BC3A-093E668E15DF}
	EndGlobalSection
EndGlobal
