
Microsoft Visual Studio Solution File, Format Version 12.00
# Visual Studio Version 16
VisualStudioVersion = 16.0.29613.14
MinimumVisualStudioVersion = 10.0.40219.1
Project("{FAE04EC0-301F-11D3-BF4B-00C04F79EFBC}") = "Practice", "Practice\Practice.csproj", "{44D3BBCB-5AF1-4F98-987A-2A4120716F79}"
EndProject
Global
	GlobalSection(SolutionConfigurationPlatforms) = preSolution
		Debug|Any CPU = Debug|Any CPU
		Release|Any CPU = Release|Any CPU
	EndGlobalSection
	GlobalSection(ProjectConfigurationPlatforms) = postSolution
		{44D3BBCB-5AF1-4F98-987A-2A4120716F79}.Debug|Any CPU.ActiveCfg = Debug|Any CPU
		{44D3BBCB-5AF1-4F98-987A-2A4120716F79}.Debug|Any CPU.Build.0 = Debug|Any CPU
		{44D3BBCB-5AF1-4F98-987A-2A4120716F79}.Release|Any CPU.ActiveCfg = Release|Any CPU
		{44D3BBCB-5AF1-4F98-987A-2A4120716F79}.Release|Any CPU.Build.0 = Release|Any CPU
	EndGlobalSection
	GlobalSection(SolutionProperties) = preSolution
		HideSolutionNode = FALSE
	EndGlobalSection
	GlobalSection(ExtensibilityGlobals) = postSolution
		SolutionGuid = {988544F3-F385-483F-8852-5987C024C112}
	EndGlobalSection
EndGlobal
