
Microsoft Visual Studio Solution File, Format Version 12.00
# Visual Studio Version 16
VisualStudioVersion = 16.0.29709.97
MinimumVisualStudioVersion = 10.0.40219.1
Project("{FAE04EC0-301F-11D3-BF4B-00C04F79EFBC}") = "Practices", "Practices\Practices.csproj", "{5290EB4B-CDEB-4100-A302-D2E5EFDB53AC}"
EndProject
Global
	GlobalSection(SolutionConfigurationPlatforms) = preSolution
		Debug|Any CPU = Debug|Any CPU
		Release|Any CPU = Release|Any CPU
	EndGlobalSection
	GlobalSection(ProjectConfigurationPlatforms) = postSolution
		{5290EB4B-CDEB-4100-A302-D2E5EFDB53AC}.Debug|Any CPU.ActiveCfg = Debug|Any CPU
		{5290EB4B-CDEB-4100-A302-D2E5EFDB53AC}.Debug|Any CPU.Build.0 = Debug|Any CPU
		{5290EB4B-CDEB-4100-A302-D2E5EFDB53AC}.Release|Any CPU.ActiveCfg = Release|Any CPU
		{5290EB4B-CDEB-4100-A302-D2E5EFDB53AC}.Release|Any CPU.Build.0 = Release|Any CPU
	EndGlobalSection
	GlobalSection(SolutionProperties) = preSolution
		HideSolutionNode = FALSE
	EndGlobalSection
	GlobalSection(ExtensibilityGlobals) = postSolution
		SolutionGuid = {57955A91-9112-47A8-9023-2E984A4447B5}
	EndGlobalSection
EndGlobal
