
Microsoft Visual Studio Solution File, Format Version 12.00
# Visual Studio Version 16
VisualStudioVersion = 16.0.29613.14
MinimumVisualStudioVersion = 10.0.40219.1
Project("{FAE04EC0-301F-11D3-BF4B-00C04F79EFBC}") = "06-mvc-practices", "06-mvc-practices\06-mvc-practices.csproj", "{0760BFC9-3A86-48FE-9C98-0E72C1E1CEB0}"
EndProject
Global
	GlobalSection(SolutionConfigurationPlatforms) = preSolution
		Debug|Any CPU = Debug|Any CPU
		Release|Any CPU = Release|Any CPU
	EndGlobalSection
	GlobalSection(ProjectConfigurationPlatforms) = postSolution
		{0760BFC9-3A86-48FE-9C98-0E72C1E1CEB0}.Debug|Any CPU.ActiveCfg = Debug|Any CPU
		{0760BFC9-3A86-48FE-9C98-0E72C1E1CEB0}.Debug|Any CPU.Build.0 = Debug|Any CPU
		{0760BFC9-3A86-48FE-9C98-0E72C1E1CEB0}.Release|Any CPU.ActiveCfg = Release|Any CPU
		{0760BFC9-3A86-48FE-9C98-0E72C1E1CEB0}.Release|Any CPU.Build.0 = Release|Any CPU
	EndGlobalSection
	GlobalSection(SolutionProperties) = preSolution
		HideSolutionNode = FALSE
	EndGlobalSection
	GlobalSection(ExtensibilityGlobals) = postSolution
		SolutionGuid = {505B4FDE-D16A-4A78-B68A-B590CDDCC275}
	EndGlobalSection
EndGlobal
